// !$*UTF8*$!
{
	archiveVersion = 1;
	classes = {
	};
	objectVersion = 46;
	objects = {

/* Begin PBXAggregateTarget section */
		6603A90F190C5FD80033CB0E /* Mogenerator */ = {
			isa = PBXAggregateTarget;
			buildConfigurationList = 6603A910190C5FD80033CB0E /* Build configuration list for PBXAggregateTarget "Mogenerator" */;
			buildPhases = (
				6603A913190C5FEC0033CB0E /* ShellScript */,
			);
			dependencies = (
			);
			name = Mogenerator;
			productName = Mogenerator;
		};
/* End PBXAggregateTarget section */

/* Begin PBXBuildFile section */
		6603A8C6190C375D0033CB0E /* Foundation.framework in Frameworks */ = {isa = PBXBuildFile; fileRef = 6603A8C5190C375D0033CB0E /* Foundation.framework */; };
		6603A8C8190C375D0033CB0E /* CoreGraphics.framework in Frameworks */ = {isa = PBXBuildFile; fileRef = 6603A8C7190C375D0033CB0E /* CoreGraphics.framework */; };
		6603A8CA190C375D0033CB0E /* UIKit.framework in Frameworks */ = {isa = PBXBuildFile; fileRef = 6603A8C9190C375D0033CB0E /* UIKit.framework */; };
		6603A8D0190C375D0033CB0E /* InfoPlist.strings in Resources */ = {isa = PBXBuildFile; fileRef = 6603A8CE190C375D0033CB0E /* InfoPlist.strings */; };
		6603A8D2190C375D0033CB0E /* main.m in Sources */ = {isa = PBXBuildFile; fileRef = 6603A8D1190C375D0033CB0E /* main.m */; };
		6603A8D6190C375D0033CB0E /* NTEAppDelegate.m in Sources */ = {isa = PBXBuildFile; fileRef = 6603A8D5190C375D0033CB0E /* NTEAppDelegate.m */; };
		6603A8D9190C375D0033CB0E /* Main.storyboard in Resources */ = {isa = PBXBuildFile; fileRef = 6603A8D7190C375D0033CB0E /* Main.storyboard */; };
		6603A8DE190C375D0033CB0E /* Images.xcassets in Resources */ = {isa = PBXBuildFile; fileRef = 6603A8DD190C375D0033CB0E /* Images.xcassets */; };
		6603A8E5190C375D0033CB0E /* XCTest.framework in Frameworks */ = {isa = PBXBuildFile; fileRef = 6603A8E4190C375D0033CB0E /* XCTest.framework */; };
		6603A8E6190C375D0033CB0E /* Foundation.framework in Frameworks */ = {isa = PBXBuildFile; fileRef = 6603A8C5190C375D0033CB0E /* Foundation.framework */; };
		6603A8E7190C375D0033CB0E /* UIKit.framework in Frameworks */ = {isa = PBXBuildFile; fileRef = 6603A8C9190C375D0033CB0E /* UIKit.framework */; };
		6603A8EF190C375D0033CB0E /* InfoPlist.strings in Resources */ = {isa = PBXBuildFile; fileRef = 6603A8ED190C375D0033CB0E /* InfoPlist.strings */; };
		6603A8F1190C375D0033CB0E /* NoteDemoTests.m in Sources */ = {isa = PBXBuildFile; fileRef = 6603A8F0190C375D0033CB0E /* NoteDemoTests.m */; };
		6603A8FF190C3CD30033CB0E /* NTENotesTableViewController.m in Sources */ = {isa = PBXBuildFile; fileRef = 6603A8FE190C3CD30033CB0E /* NTENotesTableViewController.m */; };
		6603A904190C448F0033CB0E /* NTECoreDataHandler.m in Sources */ = {isa = PBXBuildFile; fileRef = 6603A903190C448F0033CB0E /* NTECoreDataHandler.m */; };
		6603A906190C44C40033CB0E /* CoreData.framework in Frameworks */ = {isa = PBXBuildFile; fileRef = 6603A905190C44C40033CB0E /* CoreData.framework */; };
		6603A909190C4E990033CB0E /* NoteDemoModel.xcdatamodeld in Sources */ = {isa = PBXBuildFile; fileRef = 6603A907190C4E990033CB0E /* NoteDemoModel.xcdatamodeld */; };
		6603A90C190C4F350033CB0E /* NTEConstants.m in Sources */ = {isa = PBXBuildFile; fileRef = 6603A90B190C4F350033CB0E /* NTEConstants.m */; };
		6603A90D190C50FD0033CB0E /* NTECoreDataHandler.m in Sources */ = {isa = PBXBuildFile; fileRef = 6603A903190C448F0033CB0E /* NTECoreDataHandler.m */; };
		6603A90E190C51C20033CB0E /* NTEConstants.m in Sources */ = {isa = PBXBuildFile; fileRef = 6603A90B190C4F350033CB0E /* NTEConstants.m */; };
		6603A920190C68460033CB0E /* _NTENote.m in Sources */ = {isa = PBXBuildFile; fileRef = 6603A91D190C68460033CB0E /* _NTENote.m */; };
		6603A921190C68460033CB0E /* _NTENote.m in Sources */ = {isa = PBXBuildFile; fileRef = 6603A91D190C68460033CB0E /* _NTENote.m */; };
		6603A922190C68460033CB0E /* NTENote.m in Sources */ = {isa = PBXBuildFile; fileRef = 6603A91F190C68460033CB0E /* NTENote.m */; };
		6603A923190C68460033CB0E /* NTENote.m in Sources */ = {isa = PBXBuildFile; fileRef = 6603A91F190C68460033CB0E /* NTENote.m */; };
		6603A92A190C78810033CB0E /* NTENoteHandler.m in Sources */ = {isa = PBXBuildFile; fileRef = 6603A929190C78810033CB0E /* NTENoteHandler.m */; };
		6603A92B190C78810033CB0E /* NTENoteHandler.m in Sources */ = {isa = PBXBuildFile; fileRef = 6603A929190C78810033CB0E /* NTENoteHandler.m */; };
		6603A93A190C8CEC0033CB0E /* NTENoteDetailViewController.m in Sources */ = {isa = PBXBuildFile; fileRef = 6603A939190C8CEC0033CB0E /* NTENoteDetailViewController.m */; };
		6603A93B190C8CEC0033CB0E /* NTENoteDetailViewController.m in Sources */ = {isa = PBXBuildFile; fileRef = 6603A939190C8CEC0033CB0E /* NTENoteDetailViewController.m */; };
		6603A93E190CB7460033CB0E /* NTEHandlerProvider.m in Sources */ = {isa = PBXBuildFile; fileRef = 6603A93D190CB7460033CB0E /* NTEHandlerProvider.m */; };
		6603A93F190CB7460033CB0E /* NTEHandlerProvider.m in Sources */ = {isa = PBXBuildFile; fileRef = 6603A93D190CB7460033CB0E /* NTEHandlerProvider.m */; };
/* End PBXBuildFile section */

/* Begin PBXContainerItemProxy section */
		6603A8E8190C375D0033CB0E /* PBXContainerItemProxy */ = {
			isa = PBXContainerItemProxy;
			containerPortal = 6603A8BA190C375D0033CB0E /* Project object */;
			proxyType = 1;
			remoteGlobalIDString = 6603A8C1190C375D0033CB0E;
			remoteInfo = NoteDemo;
		};
/* End PBXContainerItemProxy section */

/* Begin PBXFileReference section */
		6603A8C2190C375D0033CB0E /* NoteDemo.app */ = {isa = PBXFileReference; explicitFileType = wrapper.application; includeInIndex = 0; path = NoteDemo.app; sourceTree = BUILT_PRODUCTS_DIR; };
		6603A8C5190C375D0033CB0E /* Foundation.framework */ = {isa = PBXFileReference; lastKnownFileType = wrapper.framework; name = Foundation.framework; path = System/Library/Frameworks/Foundation.framework; sourceTree = SDKROOT; };
		6603A8C7190C375D0033CB0E /* CoreGraphics.framework */ = {isa = PBXFileReference; lastKnownFileType = wrapper.framework; name = CoreGraphics.framework; path = System/Library/Frameworks/CoreGraphics.framework; sourceTree = SDKROOT; };
		6603A8C9190C375D0033CB0E /* UIKit.framework */ = {isa = PBXFileReference; lastKnownFileType = wrapper.framework; name = UIKit.framework; path = System/Library/Frameworks/UIKit.framework; sourceTree = SDKROOT; };
		6603A8CD190C375D0033CB0E /* NoteDemo-Info.plist */ = {isa = PBXFileReference; lastKnownFileType = text.plist.xml; path = "NoteDemo-Info.plist"; sourceTree = "<group>"; };
		6603A8CF190C375D0033CB0E /* en */ = {isa = PBXFileReference; lastKnownFileType = text.plist.strings; name = en; path = en.lproj/InfoPlist.strings; sourceTree = "<group>"; };
		6603A8D1190C375D0033CB0E /* main.m */ = {isa = PBXFileReference; lastKnownFileType = sourcecode.c.objc; path = main.m; sourceTree = "<group>"; };
		6603A8D3190C375D0033CB0E /* NoteDemo-Prefix.pch */ = {isa = PBXFileReference; lastKnownFileType = sourcecode.c.h; path = "NoteDemo-Prefix.pch"; sourceTree = "<group>"; };
		6603A8D4190C375D0033CB0E /* NTEAppDelegate.h */ = {isa = PBXFileReference; lastKnownFileType = sourcecode.c.h; path = NTEAppDelegate.h; sourceTree = "<group>"; };
		6603A8D5190C375D0033CB0E /* NTEAppDelegate.m */ = {isa = PBXFileReference; lastKnownFileType = sourcecode.c.objc; path = NTEAppDelegate.m; sourceTree = "<group>"; };
		6603A8D8190C375D0033CB0E /* Base */ = {isa = PBXFileReference; lastKnownFileType = file.storyboard; name = Base; path = Base.lproj/Main.storyboard; sourceTree = "<group>"; };
		6603A8DD190C375D0033CB0E /* Images.xcassets */ = {isa = PBXFileReference; lastKnownFileType = folder.assetcatalog; path = Images.xcassets; sourceTree = "<group>"; };
		6603A8E3190C375D0033CB0E /* NoteDemoTests.xctest */ = {isa = PBXFileReference; explicitFileType = wrapper.cfbundle; includeInIndex = 0; path = NoteDemoTests.xctest; sourceTree = BUILT_PRODUCTS_DIR; };
		6603A8E4190C375D0033CB0E /* XCTest.framework */ = {isa = PBXFileReference; lastKnownFileType = wrapper.framework; name = XCTest.framework; path = Library/Frameworks/XCTest.framework; sourceTree = DEVELOPER_DIR; };
		6603A8EC190C375D0033CB0E /* NoteDemoTests-Info.plist */ = {isa = PBXFileReference; lastKnownFileType = text.plist.xml; path = "NoteDemoTests-Info.plist"; sourceTree = "<group>"; };
		6603A8EE190C375D0033CB0E /* en */ = {isa = PBXFileReference; lastKnownFileType = text.plist.strings; name = en; path = en.lproj/InfoPlist.strings; sourceTree = "<group>"; };
		6603A8F0190C375D0033CB0E /* NoteDemoTests.m */ = {isa = PBXFileReference; lastKnownFileType = sourcecode.c.objc; path = NoteDemoTests.m; sourceTree = "<group>"; };
		6603A8FD190C3CD30033CB0E /* NTENotesTableViewController.h */ = {isa = PBXFileReference; fileEncoding = 4; lastKnownFileType = sourcecode.c.h; path = NTENotesTableViewController.h; sourceTree = "<group>"; };
		6603A8FE190C3CD30033CB0E /* NTENotesTableViewController.m */ = {isa = PBXFileReference; fileEncoding = 4; lastKnownFileType = sourcecode.c.objc; path = NTENotesTableViewController.m; sourceTree = "<group>"; };
		6603A902190C448F0033CB0E /* NTECoreDataHandler.h */ = {isa = PBXFileReference; fileEncoding = 4; lastKnownFileType = sourcecode.c.h; path = NTECoreDataHandler.h; sourceTree = "<group>"; };
		6603A903190C448F0033CB0E /* NTECoreDataHandler.m */ = {isa = PBXFileReference; fileEncoding = 4; lastKnownFileType = sourcecode.c.objc; path = NTECoreDataHandler.m; sourceTree = "<group>"; };
		6603A905190C44C40033CB0E /* CoreData.framework */ = {isa = PBXFileReference; lastKnownFileType = wrapper.framework; name = CoreData.framework; path = System/Library/Frameworks/CoreData.framework; sourceTree = SDKROOT; };
		6603A908190C4E990033CB0E /* NoteDemoModel.xcdatamodel */ = {isa = PBXFileReference; lastKnownFileType = wrapper.xcdatamodel; path = NoteDemoModel.xcdatamodel; sourceTree = "<group>"; };
		6603A90A190C4F350033CB0E /* NTEConstants.h */ = {isa = PBXFileReference; fileEncoding = 4; lastKnownFileType = sourcecode.c.h; path = NTEConstants.h; sourceTree = "<group>"; };
		6603A90B190C4F350033CB0E /* NTEConstants.m */ = {isa = PBXFileReference; fileEncoding = 4; lastKnownFileType = sourcecode.c.objc; path = NTEConstants.m; sourceTree = "<group>"; };
		6603A91C190C68460033CB0E /* _NTENote.h */ = {isa = PBXFileReference; fileEncoding = 4; lastKnownFileType = sourcecode.c.h; name = _NTENote.h; path = Models/_NTENote.h; sourceTree = "<group>"; };
		6603A91D190C68460033CB0E /* _NTENote.m */ = {isa = PBXFileReference; fileEncoding = 4; lastKnownFileType = sourcecode.c.objc; name = _NTENote.m; path = Models/_NTENote.m; sourceTree = "<group>"; };
		6603A91E190C68460033CB0E /* NTENote.h */ = {isa = PBXFileReference; fileEncoding = 4; lastKnownFileType = sourcecode.c.h; name = NTENote.h; path = Models/NTENote.h; sourceTree = "<group>"; };
		6603A91F190C68460033CB0E /* NTENote.m */ = {isa = PBXFileReference; fileEncoding = 4; lastKnownFileType = sourcecode.c.objc; name = NTENote.m; path = Models/NTENote.m; sourceTree = "<group>"; };
		6603A925190C6C180033CB0E /* NTECoreDataHandlerProtocol.h */ = {isa = PBXFileReference; lastKnownFileType = sourcecode.c.h; path = NTECoreDataHandlerProtocol.h; sourceTree = "<group>"; };
		6603A927190C78260033CB0E /* NTENoteHandlerProtocol.h */ = {isa = PBXFileReference; lastKnownFileType = sourcecode.c.h; path = NTENoteHandlerProtocol.h; sourceTree = "<group>"; };
		6603A928190C78810033CB0E /* NTENoteHandler.h */ = {isa = PBXFileReference; fileEncoding = 4; lastKnownFileType = sourcecode.c.h; path = NTENoteHandler.h; sourceTree = "<group>"; };
		6603A929190C78810033CB0E /* NTENoteHandler.m */ = {isa = PBXFileReference; fileEncoding = 4; lastKnownFileType = sourcecode.c.objc; path = NTENoteHandler.m; sourceTree = "<group>"; };
		6603A938190C8CEC0033CB0E /* NTENoteDetailViewController.h */ = {isa = PBXFileReference; fileEncoding = 4; lastKnownFileType = sourcecode.c.h; path = NTENoteDetailViewController.h; sourceTree = "<group>"; };
		6603A939190C8CEC0033CB0E /* NTENoteDetailViewController.m */ = {isa = PBXFileReference; fileEncoding = 4; lastKnownFileType = sourcecode.c.objc; path = NTENoteDetailViewController.m; sourceTree = "<group>"; };
		6603A93C190CB7460033CB0E /* NTEHandlerProvider.h */ = {isa = PBXFileReference; fileEncoding = 4; lastKnownFileType = sourcecode.c.h; path = NTEHandlerProvider.h; sourceTree = "<group>"; };
		6603A93D190CB7460033CB0E /* NTEHandlerProvider.m */ = {isa = PBXFileReference; fileEncoding = 4; lastKnownFileType = sourcecode.c.objc; path = NTEHandlerProvider.m; sourceTree = "<group>"; };
/* End PBXFileReference section */

/* Begin PBXFrameworksBuildPhase section */
		6603A8BF190C375D0033CB0E /* Frameworks */ = {
			isa = PBXFrameworksBuildPhase;
			buildActionMask = 2147483647;
			files = (
				6603A906190C44C40033CB0E /* CoreData.framework in Frameworks */,
				6603A8C8190C375D0033CB0E /* CoreGraphics.framework in Frameworks */,
				6603A8CA190C375D0033CB0E /* UIKit.framework in Frameworks */,
				6603A8C6190C375D0033CB0E /* Foundation.framework in Frameworks */,
			);
			runOnlyForDeploymentPostprocessing = 0;
		};
		6603A8E0190C375D0033CB0E /* Frameworks */ = {
			isa = PBXFrameworksBuildPhase;
			buildActionMask = 2147483647;
			files = (
				6603A8E5190C375D0033CB0E /* XCTest.framework in Frameworks */,
				6603A8E7190C375D0033CB0E /* UIKit.framework in Frameworks */,
				6603A8E6190C375D0033CB0E /* Foundation.framework in Frameworks */,
			);
			runOnlyForDeploymentPostprocessing = 0;
		};
/* End PBXFrameworksBuildPhase section */

/* Begin PBXGroup section */
		6603A8B9190C375D0033CB0E = {
			isa = PBXGroup;
			children = (
				6603A8CB190C375D0033CB0E /* NoteDemo */,
				6603A8EA190C375D0033CB0E /* NoteDemoTests */,
				6603A8C4190C375D0033CB0E /* Frameworks */,
				6603A8C3190C375D0033CB0E /* Products */,
			);
			sourceTree = "<group>";
		};
		6603A8C3190C375D0033CB0E /* Products */ = {
			isa = PBXGroup;
			children = (
				6603A8C2190C375D0033CB0E /* NoteDemo.app */,
				6603A8E3190C375D0033CB0E /* NoteDemoTests.xctest */,
			);
			name = Products;
			sourceTree = "<group>";
		};
		6603A8C4190C375D0033CB0E /* Frameworks */ = {
			isa = PBXGroup;
			children = (
				6603A905190C44C40033CB0E /* CoreData.framework */,
				6603A8C5190C375D0033CB0E /* Foundation.framework */,
				6603A8C7190C375D0033CB0E /* CoreGraphics.framework */,
				6603A8C9190C375D0033CB0E /* UIKit.framework */,
				6603A8E4190C375D0033CB0E /* XCTest.framework */,
			);
			name = Frameworks;
			sourceTree = "<group>";
		};
		6603A8CB190C375D0033CB0E /* NoteDemo */ = {
			isa = PBXGroup;
			children = (
				6603A8D4190C375D0033CB0E /* NTEAppDelegate.h */,
				6603A8D5190C375D0033CB0E /* NTEAppDelegate.m */,
				6603A90A190C4F350033CB0E /* NTEConstants.h */,
				6603A90B190C4F350033CB0E /* NTEConstants.m */,
				6603A8D7190C375D0033CB0E /* Main.storyboard */,
				6603A8FA190C3C7C0033CB0E /* Models */,
				6603A8FC190C3C870033CB0E /* Controllers */,
				6603A900190C43120033CB0E /* Protocols */,
				6603A901190C44650033CB0E /* Handlers */,
				6603A8FB190C3C830033CB0E /* Views */,
				6603A8DD190C375D0033CB0E /* Images.xcassets */,
				6603A8CC190C375D0033CB0E /* Supporting Files */,
			);
			path = NoteDemo;
			sourceTree = "<group>";
		};
		6603A8CC190C375D0033CB0E /* Supporting Files */ = {
			isa = PBXGroup;
			children = (
				6603A8CD190C375D0033CB0E /* NoteDemo-Info.plist */,
				6603A8CE190C375D0033CB0E /* InfoPlist.strings */,
				6603A8D1190C375D0033CB0E /* main.m */,
				6603A8D3190C375D0033CB0E /* NoteDemo-Prefix.pch */,
			);
			name = "Supporting Files";
			sourceTree = "<group>";
		};
		6603A8EA190C375D0033CB0E /* NoteDemoTests */ = {
			isa = PBXGroup;
			children = (
				6603A8F0190C375D0033CB0E /* NoteDemoTests.m */,
				6603A8EB190C375D0033CB0E /* Supporting Files */,
			);
			path = NoteDemoTests;
			sourceTree = "<group>";
		};
		6603A8EB190C375D0033CB0E /* Supporting Files */ = {
			isa = PBXGroup;
			children = (
				6603A8EC190C375D0033CB0E /* NoteDemoTests-Info.plist */,
				6603A8ED190C375D0033CB0E /* InfoPlist.strings */,
			);
			name = "Supporting Files";
			sourceTree = "<group>";
		};
		6603A8FA190C3C7C0033CB0E /* Models */ = {
			isa = PBXGroup;
			children = (
				6603A907190C4E990033CB0E /* NoteDemoModel.xcdatamodeld */,
				6603A91C190C68460033CB0E /* _NTENote.h */,
				6603A91D190C68460033CB0E /* _NTENote.m */,
				6603A91E190C68460033CB0E /* NTENote.h */,
				6603A91F190C68460033CB0E /* NTENote.m */,
			);
			name = Models;
			sourceTree = "<group>";
		};
		6603A8FB190C3C830033CB0E /* Views */ = {
			isa = PBXGroup;
			children = (
			);
			name = Views;
			sourceTree = "<group>";
		};
		6603A8FC190C3C870033CB0E /* Controllers */ = {
			isa = PBXGroup;
			children = (
				6603A938190C8CEC0033CB0E /* NTENoteDetailViewController.h */,
				6603A939190C8CEC0033CB0E /* NTENoteDetailViewController.m */,
				6603A8FD190C3CD30033CB0E /* NTENotesTableViewController.h */,
				6603A8FE190C3CD30033CB0E /* NTENotesTableViewController.m */,
			);
			name = Controllers;
			sourceTree = "<group>";
		};
		6603A900190C43120033CB0E /* Protocols */ = {
			isa = PBXGroup;
			children = (
				6603A925190C6C180033CB0E /* NTECoreDataHandlerProtocol.h */,
				6603A927190C78260033CB0E /* NTENoteHandlerProtocol.h */,
			);
			name = Protocols;
			sourceTree = "<group>";
		};
		6603A901190C44650033CB0E /* Handlers */ = {
			isa = PBXGroup;
			children = (
				6603A93C190CB7460033CB0E /* NTEHandlerProvider.h */,
				6603A93D190CB7460033CB0E /* NTEHandlerProvider.m */,
				6603A902190C448F0033CB0E /* NTECoreDataHandler.h */,
				6603A903190C448F0033CB0E /* NTECoreDataHandler.m */,
				6603A928190C78810033CB0E /* NTENoteHandler.h */,
				6603A929190C78810033CB0E /* NTENoteHandler.m */,
			);
			name = Handlers;
			sourceTree = "<group>";
		};
/* End PBXGroup section */

/* Begin PBXNativeTarget section */
		6603A8C1190C375D0033CB0E /* NoteDemo */ = {
			isa = PBXNativeTarget;
			buildConfigurationList = 6603A8F4190C375D0033CB0E /* Build configuration list for PBXNativeTarget "NoteDemo" */;
			buildPhases = (
				6603A8BE190C375D0033CB0E /* Sources */,
				6603A8BF190C375D0033CB0E /* Frameworks */,
				6603A8C0190C375D0033CB0E /* Resources */,
			);
			buildRules = (
			);
			dependencies = (
			);
			name = NoteDemo;
			productName = NoteDemo;
			productReference = 6603A8C2190C375D0033CB0E /* NoteDemo.app */;
			productType = "com.apple.product-type.application";
		};
		6603A8E2190C375D0033CB0E /* NoteDemoTests */ = {
			isa = PBXNativeTarget;
			buildConfigurationList = 6603A8F7190C375D0033CB0E /* Build configuration list for PBXNativeTarget "NoteDemoTests" */;
			buildPhases = (
				6603A8DF190C375D0033CB0E /* Sources */,
				6603A8E0190C375D0033CB0E /* Frameworks */,
				6603A8E1190C375D0033CB0E /* Resources */,
			);
			buildRules = (
			);
			dependencies = (
				6603A8E9190C375D0033CB0E /* PBXTargetDependency */,
			);
			name = NoteDemoTests;
			productName = NoteDemoTests;
			productReference = 6603A8E3190C375D0033CB0E /* NoteDemoTests.xctest */;
			productType = "com.apple.product-type.bundle.unit-test";
		};
/* End PBXNativeTarget section */

/* Begin PBXProject section */
		6603A8BA190C375D0033CB0E /* Project object */ = {
			isa = PBXProject;
			attributes = {
				CLASSPREFIX = NTE;
				LastUpgradeCheck = 0510;
				ORGANIZATIONNAME = "Matt Lathrop";
				TargetAttributes = {
					6603A8E2190C375D0033CB0E = {
						TestTargetID = 6603A8C1190C375D0033CB0E;
					};
				};
			};
			buildConfigurationList = 6603A8BD190C375D0033CB0E /* Build configuration list for PBXProject "NoteDemo" */;
			compatibilityVersion = "Xcode 3.2";
			developmentRegion = English;
			hasScannedForEncodings = 0;
			knownRegions = (
				en,
				Base,
			);
			mainGroup = 6603A8B9190C375D0033CB0E;
			productRefGroup = 6603A8C3190C375D0033CB0E /* Products */;
			projectDirPath = "";
			projectRoot = "";
			targets = (
				6603A8C1190C375D0033CB0E /* NoteDemo */,
				6603A8E2190C375D0033CB0E /* NoteDemoTests */,
				6603A90F190C5FD80033CB0E /* Mogenerator */,
			);
		};
/* End PBXProject section */

/* Begin PBXResourcesBuildPhase section */
		6603A8C0190C375D0033CB0E /* Resources */ = {
			isa = PBXResourcesBuildPhase;
			buildActionMask = 2147483647;
			files = (
				6603A8DE190C375D0033CB0E /* Images.xcassets in Resources */,
				6603A8D0190C375D0033CB0E /* InfoPlist.strings in Resources */,
				6603A8D9190C375D0033CB0E /* Main.storyboard in Resources */,
			);
			runOnlyForDeploymentPostprocessing = 0;
		};
		6603A8E1190C375D0033CB0E /* Resources */ = {
			isa = PBXResourcesBuildPhase;
			buildActionMask = 2147483647;
			files = (
				6603A8EF190C375D0033CB0E /* InfoPlist.strings in Resources */,
			);
			runOnlyForDeploymentPostprocessing = 0;
		};
/* End PBXResourcesBuildPhase section */

/* Begin PBXShellScriptBuildPhase section */
		6603A913190C5FEC0033CB0E /* ShellScript */ = {
			isa = PBXShellScriptBuildPhase;
			buildActionMask = 2147483647;
			files = (
			);
			inputPaths = (
			);
			outputPaths = (
			);
			runOnlyForDeploymentPostprocessing = 0;
			shellPath = /bin/sh;
			shellScript = "mogenerator -m NoteDemo/NoteDemoModel.xcdatamodeld/NoteDemoModel.xcdatamodel -O NoteDemo/Models --template-var arc=true";
		};
/* End PBXShellScriptBuildPhase section */

/* Begin PBXSourcesBuildPhase section */
		6603A8BE190C375D0033CB0E /* Sources */ = {
			isa = PBXSourcesBuildPhase;
			buildActionMask = 2147483647;
			files = (
				6603A92A190C78810033CB0E /* NTENoteHandler.m in Sources */,
				6603A8D6190C375D0033CB0E /* NTEAppDelegate.m in Sources */,
				6603A922190C68460033CB0E /* NTENote.m in Sources */,
				6603A8FF190C3CD30033CB0E /* NTENotesTableViewController.m in Sources */,
				6603A8D2190C375D0033CB0E /* main.m in Sources */,
				6603A909190C4E990033CB0E /* NoteDemoModel.xcdatamodeld in Sources */,
				6603A904190C448F0033CB0E /* NTECoreDataHandler.m in Sources */,
				6603A93A190C8CEC0033CB0E /* NTENoteDetailViewController.m in Sources */,
				6603A920190C68460033CB0E /* _NTENote.m in Sources */,
				6603A93E190CB7460033CB0E /* NTEHandlerProvider.m in Sources */,
				6603A90C190C4F350033CB0E /* NTEConstants.m in Sources */,
			);
			runOnlyForDeploymentPostprocessing = 0;
		};
		6603A8DF190C375D0033CB0E /* Sources */ = {
			isa = PBXSourcesBuildPhase;
			buildActionMask = 2147483647;
			files = (
				6603A92B190C78810033CB0E /* NTENoteHandler.m in Sources */,
				6603A8F1190C375D0033CB0E /* NoteDemoTests.m in Sources */,
				6603A921190C68460033CB0E /* _NTENote.m in Sources */,
				6603A93F190CB7460033CB0E /* NTEHandlerProvider.m in Sources */,
				6603A90D190C50FD0033CB0E /* NTECoreDataHandler.m in Sources */,
				6603A93B190C8CEC0033CB0E /* NTENoteDetailViewController.m in Sources */,
				6603A923190C68460033CB0E /* NTENote.m in Sources */,
				6603A90E190C51C20033CB0E /* NTEConstants.m in Sources */,
			);
			runOnlyForDeploymentPostprocessing = 0;
		};
/* End PBXSourcesBuildPhase section */

/* Begin PBXTargetDependency section */
		6603A8E9190C375D0033CB0E /* PBXTargetDependency */ = {
			isa = PBXTargetDependency;
			target = 6603A8C1190C375D0033CB0E /* NoteDemo */;
			targetProxy = 6603A8E8190C375D0033CB0E /* PBXContainerItemProxy */;
		};
/* End PBXTargetDependency section */

/* Begin PBXVariantGroup section */
		6603A8CE190C375D0033CB0E /* InfoPlist.strings */ = {
			isa = PBXVariantGroup;
			children = (
				6603A8CF190C375D0033CB0E /* en */,
			);
			name = InfoPlist.strings;
			sourceTree = "<group>";
		};
		6603A8D7190C375D0033CB0E /* Main.storyboard */ = {
			isa = PBXVariantGroup;
			children = (
				6603A8D8190C375D0033CB0E /* Base */,
			);
			name = Main.storyboard;
			sourceTree = "<group>";
		};
		6603A8ED190C375D0033CB0E /* InfoPlist.strings */ = {
			isa = PBXVariantGroup;
			children = (
				6603A8EE190C375D0033CB0E /* en */,
			);
			name = InfoPlist.strings;
			sourceTree = "<group>";
		};
/* End PBXVariantGroup section */

/* Begin XCBuildConfiguration section */
		6603A8F2190C375D0033CB0E /* Debug */ = {
			isa = XCBuildConfiguration;
			buildSettings = {
				ALWAYS_SEARCH_USER_PATHS = NO;
				CLANG_CXX_LANGUAGE_STANDARD = "gnu++0x";
				CLANG_CXX_LIBRARY = "libc++";
				CLANG_ENABLE_MODULES = YES;
				CLANG_ENABLE_OBJC_ARC = YES;
				CLANG_WARN_BOOL_CONVERSION = YES;
				CLANG_WARN_CONSTANT_CONVERSION = YES;
				CLANG_WARN_DIRECT_OBJC_ISA_USAGE = YES_ERROR;
				CLANG_WARN_EMPTY_BODY = YES;
				CLANG_WARN_ENUM_CONVERSION = YES;
				CLANG_WARN_INT_CONVERSION = YES;
				CLANG_WARN_OBJC_ROOT_CLASS = YES_ERROR;
				CLANG_WARN__DUPLICATE_METHOD_MATCH = YES;
				"CODE_SIGN_IDENTITY[sdk=iphoneos*]" = "iPhone Developer";
				COPY_PHASE_STRIP = NO;
				GCC_C_LANGUAGE_STANDARD = gnu99;
				GCC_DYNAMIC_NO_PIC = NO;
				GCC_OPTIMIZATION_LEVEL = 0;
				GCC_PREPROCESSOR_DEFINITIONS = (
					"DEBUG=1",
					"$(inherited)",
				);
				GCC_SYMBOLS_PRIVATE_EXTERN = NO;
				GCC_WARN_64_TO_32_BIT_CONVERSION = YES;
				GCC_WARN_ABOUT_RETURN_TYPE = YES_ERROR;
				GCC_WARN_UNDECLARED_SELECTOR = YES;
				GCC_WARN_UNINITIALIZED_AUTOS = YES_AGGRESSIVE;
				GCC_WARN_UNUSED_FUNCTION = YES;
				GCC_WARN_UNUSED_VARIABLE = YES;
				IPHONEOS_DEPLOYMENT_TARGET = 7.1;
				ONLY_ACTIVE_ARCH = YES;
				SDKROOT = iphoneos;
			};
			name = Debug;
		};
		6603A8F3190C375D0033CB0E /* Release */ = {
			isa = XCBuildConfiguration;
			buildSettings = {
				ALWAYS_SEARCH_USER_PATHS = NO;
				CLANG_CXX_LANGUAGE_STANDARD = "gnu++0x";
				CLANG_CXX_LIBRARY = "libc++";
				CLANG_ENABLE_MODULES = YES;
				CLANG_ENABLE_OBJC_ARC = YES;
				CLANG_WARN_BOOL_CONVERSION = YES;
				CLANG_WARN_CONSTANT_CONVERSION = YES;
				CLANG_WARN_DIRECT_OBJC_ISA_USAGE = YES_ERROR;
				CLANG_WARN_EMPTY_BODY = YES;
				CLANG_WARN_ENUM_CONVERSION = YES;
				CLANG_WARN_INT_CONVERSION = YES;
				CLANG_WARN_OBJC_ROOT_CLASS = YES_ERROR;
				CLANG_WARN__DUPLICATE_METHOD_MATCH = YES;
				"CODE_SIGN_IDENTITY[sdk=iphoneos*]" = "iPhone Developer";
				COPY_PHASE_STRIP = YES;
				ENABLE_NS_ASSERTIONS = NO;
				GCC_C_LANGUAGE_STANDARD = gnu99;
				GCC_WARN_64_TO_32_BIT_CONVERSION = YES;
				GCC_WARN_ABOUT_RETURN_TYPE = YES_ERROR;
				GCC_WARN_UNDECLARED_SELECTOR = YES;
				GCC_WARN_UNINITIALIZED_AUTOS = YES_AGGRESSIVE;
				GCC_WARN_UNUSED_FUNCTION = YES;
				GCC_WARN_UNUSED_VARIABLE = YES;
				IPHONEOS_DEPLOYMENT_TARGET = 7.1;
				SDKROOT = iphoneos;
				VALIDATE_PRODUCT = YES;
			};
			name = Release;
		};
		6603A8F5190C375D0033CB0E /* Debug */ = {
			isa = XCBuildConfiguration;
			buildSettings = {
				ASSETCATALOG_COMPILER_APPICON_NAME = AppIcon;
				ASSETCATALOG_COMPILER_LAUNCHIMAGE_NAME = LaunchImage;
				GCC_PRECOMPILE_PREFIX_HEADER = YES;
				GCC_PREFIX_HEADER = "NoteDemo/NoteDemo-Prefix.pch";
				INFOPLIST_FILE = "NoteDemo/NoteDemo-Info.plist";
				PRODUCT_NAME = "$(TARGET_NAME)";
				WRAPPER_EXTENSION = app;
			};
			name = Debug;
		};
		6603A8F6190C375D0033CB0E /* Release */ = {
			isa = XCBuildConfiguration;
			buildSettings = {
				ASSETCATALOG_COMPILER_APPICON_NAME = AppIcon;
				ASSETCATALOG_COMPILER_LAUNCHIMAGE_NAME = LaunchImage;
				GCC_PRECOMPILE_PREFIX_HEADER = YES;
				GCC_PREFIX_HEADER = "NoteDemo/NoteDemo-Prefix.pch";
				INFOPLIST_FILE = "NoteDemo/NoteDemo-Info.plist";
				PRODUCT_NAME = "$(TARGET_NAME)";
				WRAPPER_EXTENSION = app;
			};
			name = Release;
		};
		6603A8F8190C375D0033CB0E /* Debug */ = {
			isa = XCBuildConfiguration;
			buildSettings = {
				BUNDLE_LOADER = "$(BUILT_PRODUCTS_DIR)/NoteDemo.app/NoteDemo";
				FRAMEWORK_SEARCH_PATHS = (
					"$(SDKROOT)/Developer/Library/Frameworks",
					"$(inherited)",
					"$(DEVELOPER_FRAMEWORKS_DIR)",
				);
				GCC_PRECOMPILE_PREFIX_HEADER = YES;
				GCC_PREFIX_HEADER = "NoteDemo/NoteDemo-Prefix.pch";
				GCC_PREPROCESSOR_DEFINITIONS = (
					"DEBUG=1",
					"$(inherited)",
				);
				INFOPLIST_FILE = "NoteDemoTests/NoteDemoTests-Info.plist";
				PRODUCT_NAME = "$(TARGET_NAME)";
				TEST_HOST = "$(BUNDLE_LOADER)";
				WRAPPER_EXTENSION = xctest;
			};
			name = Debug;
		};
		6603A8F9190C375D0033CB0E /* Release */ = {
			isa = XCBuildConfiguration;
			buildSettings = {
				BUNDLE_LOADER = "$(BUILT_PRODUCTS_DIR)/NoteDemo.app/NoteDemo";
				FRAMEWORK_SEARCH_PATHS = (
					"$(SDKROOT)/Developer/Library/Frameworks",
					"$(inherited)",
					"$(DEVELOPER_FRAMEWORKS_DIR)",
				);
				GCC_PRECOMPILE_PREFIX_HEADER = YES;
				GCC_PREFIX_HEADER = "NoteDemo/NoteDemo-Prefix.pch";
				INFOPLIST_FILE = "NoteDemoTests/NoteDemoTests-Info.plist";
				PRODUCT_NAME = "$(TARGET_NAME)";
				TEST_HOST = "$(BUNDLE_LOADER)";
				WRAPPER_EXTENSION = xctest;
			};
			name = Release;
		};
		6603A911190C5FD80033CB0E /* Debug */ = {
			isa = XCBuildConfiguration;
			buildSettings = {
				PRODUCT_NAME = "$(TARGET_NAME)";
			};
			name = Debug;
		};
		6603A912190C5FD80033CB0E /* Release */ = {
			isa = XCBuildConfiguration;
			buildSettings = {
				PRODUCT_NAME = "$(TARGET_NAME)";
			};
			name = Release;
		};
/* End XCBuildConfiguration section */

/* Begin XCConfigurationList section */
		6603A8BD190C375D0033CB0E /* Build configuration list for PBXProject "NoteDemo" */ = {
			isa = XCConfigurationList;
			buildConfigurations = (
				6603A8F2190C375D0033CB0E /* Debug */,
				6603A8F3190C375D0033CB0E /* Release */,
			);
			defaultConfigurationIsVisible = 0;
			defaultConfigurationName = Release;
		};
		6603A8F4190C375D0033CB0E /* Build configuration list for PBXNativeTarget "NoteDemo" */ = {
			isa = XCConfigurationList;
			buildConfigurations = (
				6603A8F5190C375D0033CB0E /* Debug */,
				6603A8F6190C375D0033CB0E /* Release */,
			);
			defaultConfigurationIsVisible = 0;
			defaultConfigurationName = Release;
		};
		6603A8F7190C375D0033CB0E /* Build configuration list for PBXNativeTarget "NoteDemoTests" */ = {
			isa = XCConfigurationList;
			buildConfigurations = (
				6603A8F8190C375D0033CB0E /* Debug */,
				6603A8F9190C375D0033CB0E /* Release */,
			);
			defaultConfigurationIsVisible = 0;
			defaultConfigurationName = Release;
		};
		6603A910190C5FD80033CB0E /* Build configuration list for PBXAggregateTarget "Mogenerator" */ = {
			isa = XCConfigurationList;
			buildConfigurations = (
				6603A911190C5FD80033CB0E /* Debug */,
				6603A912190C5FD80033CB0E /* Release */,
			);
			defaultConfigurationIsVisible = 0;
		};
/* End XCConfigurationList section */

/* Begin XCVersionGroup section */
		6603A907190C4E990033CB0E /* NoteDemoModel.xcdatamodeld */ = {
			isa = XCVersionGroup;
			children = (
				6603A908190C4E990033CB0E /* NoteDemoModel.xcdatamodel */,
			);
			currentVersion = 6603A908190C4E990033CB0E /* NoteDemoModel.xcdatamodel */;
			path = NoteDemoModel.xcdatamodeld;
			sourceTree = "<group>";
			versionGroupType = wrapper.xcdatamodel;
		};
/* End XCVersionGroup section */
	};
	rootObject = 6603A8BA190C375D0033CB0E /* Project object */;
}
